
Microsoft Visual Studio Solution File, Format Version 12.00
# Visual Studio Version 16
VisualStudioVersion = 16.0.30104.148
MinimumVisualStudioVersion = 10.0.40219.1
Project("{FAE04EC0-301F-11D3-BF4B-00C04F79EFBC}") = "DiasArray", "DiasArray\DiasArray.csproj", "{766FB622-6B71-4F2C-8B59-C65F1889595C}"
EndProject
Global
	GlobalSection(SolutionConfigurationPlatforms) = preSolution
		Debug|Any CPU = Debug|Any CPU
		Release|Any CPU = Release|Any CPU
	EndGlobalSection
	GlobalSection(ProjectConfigurationPlatforms) = postSolution
		{766FB622-6B71-4F2C-8B59-C65F1889595C}.Debug|Any CPU.ActiveCfg = Debug|Any CPU
		{766FB622-6B71-4F2C-8B59-C65F1889595C}.Debug|Any CPU.Build.0 = Debug|Any CPU
		{766FB622-6B71-4F2C-8B59-C65F1889595C}.Release|Any CPU.ActiveCfg = Release|Any CPU
		{766FB622-6B71-4F2C-8B59-C65F1889595C}.Release|Any CPU.Build.0 = Release|Any CPU
	EndGlobalSection
	GlobalSection(SolutionProperties) = preSolution
		HideSolutionNode = FALSE
	EndGlobalSection
	GlobalSection(ExtensibilityGlobals) = postSolution
		SolutionGuid = {4DEEB7A7-41ED-43E0-A8DB-921DF55C2A78}
	EndGlobalSection
EndGlobal
