
Microsoft Visual Studio Solution File, Format Version 12.00
# Visual Studio Version 16
VisualStudioVersion = 16.0.30104.148
MinimumVisualStudioVersion = 10.0.40219.1
Project("{FAE04EC0-301F-11D3-BF4B-00C04F79EFBC}") = "TotalDiasMes", "TotalDiasMes\TotalDiasMes.csproj", "{575546CF-083B-4913-9FC1-74C1804C8919}"
EndProject
Global
	GlobalSection(SolutionConfigurationPlatforms) = preSolution
		Debug|Any CPU = Debug|Any CPU
		Release|Any CPU = Release|Any CPU
	EndGlobalSection
	GlobalSection(ProjectConfigurationPlatforms) = postSolution
		{575546CF-083B-4913-9FC1-74C1804C8919}.Debug|Any CPU.ActiveCfg = Debug|Any CPU
		{575546CF-083B-4913-9FC1-74C1804C8919}.Debug|Any CPU.Build.0 = Debug|Any CPU
		{575546CF-083B-4913-9FC1-74C1804C8919}.Release|Any CPU.ActiveCfg = Release|Any CPU
		{575546CF-083B-4913-9FC1-74C1804C8919}.Release|Any CPU.Build.0 = Release|Any CPU
	EndGlobalSection
	GlobalSection(SolutionProperties) = preSolution
		HideSolutionNode = FALSE
	EndGlobalSection
	GlobalSection(ExtensibilityGlobals) = postSolution
		SolutionGuid = {E38F370F-E733-40E2-A8A2-99658F181009}
	EndGlobalSection
EndGlobal
