
Microsoft Visual Studio Solution File, Format Version 12.00
# Visual Studio Version 16
VisualStudioVersion = 16.0.30104.148
MinimumVisualStudioVersion = 10.0.40219.1
Project("{FAE04EC0-301F-11D3-BF4B-00C04F79EFBC}") = "MediaAritmetica", "MediaAritmetica\MediaAritmetica.csproj", "{A8D1A8DC-8756-41B3-9BA8-5490C92E85C0}"
EndProject
Global
	GlobalSection(SolutionConfigurationPlatforms) = preSolution
		Debug|Any CPU = Debug|Any CPU
		Release|Any CPU = Release|Any CPU
	EndGlobalSection
	GlobalSection(ProjectConfigurationPlatforms) = postSolution
		{A8D1A8DC-8756-41B3-9BA8-5490C92E85C0}.Debug|Any CPU.ActiveCfg = Debug|Any CPU
		{A8D1A8DC-8756-41B3-9BA8-5490C92E85C0}.Debug|Any CPU.Build.0 = Debug|Any CPU
		{A8D1A8DC-8756-41B3-9BA8-5490C92E85C0}.Release|Any CPU.ActiveCfg = Release|Any CPU
		{A8D1A8DC-8756-41B3-9BA8-5490C92E85C0}.Release|Any CPU.Build.0 = Release|Any CPU
	EndGlobalSection
	GlobalSection(SolutionProperties) = preSolution
		HideSolutionNode = FALSE
	EndGlobalSection
	GlobalSection(ExtensibilityGlobals) = postSolution
		SolutionGuid = {C23D23A7-7E43-48C7-8D61-736650FA9214}
	EndGlobalSection
EndGlobal
